github.com/shockdev04/altv-go-pkg v0.0.0-20210807193558-560ce03f613b h1:HmTZIz8nEU0qz2YxnyJXwyVj7up4hdyzJD7MHekKyCw=
github.com/shockdev04/altv-go-pkg v0.0.0-20210807193558-560ce03f613b/go.mod h1:tgDElx3D27vIcF7UQLuoOzfh1MF981i/GiJNfvv4PmQ=
github.com/shockdev04/altv-go-pkg v0.0.0-20210808025849-b8aa6a64b349 h1:wQRyyuH71qPufnHi7NdEvtvMvee+Oj3AZzi2Jr8VNxI=
github.com/shockdev04/altv-go-pkg v0.0.0-20210808025849-b8aa6a64b349/go.mod h1:tgDElx3D27vIcF7UQLuoOzfh1MF981i/GiJNfvv4PmQ=
github.com/shockdev04/altv-go-pkg v0.0.0-20210812142453-226c16a0b6ba h1:/RqEF6W8eFbb5eN6OJz40lh07bmGKj7v8SGkR/znKjM=
github.com/shockdev04/altv-go-pkg v0.0.0-20210812142453-226c16a0b6ba/go.mod h1:tgDElx3D27vIcF7UQLuoOzfh1MF981i/GiJNfvv4PmQ=
